
Microsoft Visual Studio Solution File, Format Version 12.00
# Visual Studio Version 16
VisualStudioVersion = 16.0.810.4
MinimumVisualStudioVersion = 10.0.40219.1
Project("{FAE04EC0-301F-11D3-BF4B-00C04F79EFBC}") = "BigramCounter", "BigramCounter\BigramCounter.csproj", "{528AEBC1-3B34-4374-B155-E00C6404CDD3}"
EndProject
Global
	GlobalSection(SolutionConfigurationPlatforms) = preSolution
		Debug|Any CPU = Debug|Any CPU
		Release|Any CPU = Release|Any CPU
	EndGlobalSection
	GlobalSection(ProjectConfigurationPlatforms) = postSolution
		{528AEBC1-3B34-4374-B155-E00C6404CDD3}.Debug|Any CPU.ActiveCfg = Debug|Any CPU
		{528AEBC1-3B34-4374-B155-E00C6404CDD3}.Debug|Any CPU.Build.0 = Debug|Any CPU
		{528AEBC1-3B34-4374-B155-E00C6404CDD3}.Release|Any CPU.ActiveCfg = Release|Any CPU
		{528AEBC1-3B34-4374-B155-E00C6404CDD3}.Release|Any CPU.Build.0 = Release|Any CPU
	EndGlobalSection
	GlobalSection(SolutionProperties) = preSolution
		HideSolutionNode = FALSE
	EndGlobalSection
	GlobalSection(ExtensibilityGlobals) = postSolution
		SolutionGuid = {5E52AB37-F6E9-4F24-8D26-3E769E6F2092}
	EndGlobalSection
EndGlobal
