
Microsoft Visual Studio Solution File, Format Version 12.00
# Visual Studio Version 16
VisualStudioVersion = 16.0.810.15
MinimumVisualStudioVersion = 10.0.40219.1
Project("{FAE04EC0-301F-11D3-BF4B-00C04F79EFBC}") = "Duplicates_Multithreading", "Duplicates_Multithreading\Duplicates_Multithreading.csproj", "{A7F075D4-256A-433B-952A-E01BCF6C34AE}"
EndProject
Project("{FAE04EC0-301F-11D3-BF4B-00C04F79EFBC}") = "FuzzySharp", "FuzzySharp-master\FuzzySharp\FuzzySharp.csproj", "{945EFF59-65EF-422F-AD98-95600C640501}"
EndProject
Global
	GlobalSection(SolutionConfigurationPlatforms) = preSolution
		Debug|Any CPU = Debug|Any CPU
		Release|Any CPU = Release|Any CPU
	EndGlobalSection
	GlobalSection(ProjectConfigurationPlatforms) = postSolution
		{A7F075D4-256A-433B-952A-E01BCF6C34AE}.Debug|Any CPU.ActiveCfg = Debug|Any CPU
		{A7F075D4-256A-433B-952A-E01BCF6C34AE}.Debug|Any CPU.Build.0 = Debug|Any CPU
		{A7F075D4-256A-433B-952A-E01BCF6C34AE}.Release|Any CPU.ActiveCfg = Release|Any CPU
		{A7F075D4-256A-433B-952A-E01BCF6C34AE}.Release|Any CPU.Build.0 = Release|Any CPU
		{945EFF59-65EF-422F-AD98-95600C640501}.Debug|Any CPU.ActiveCfg = Debug|Any CPU
		{945EFF59-65EF-422F-AD98-95600C640501}.Debug|Any CPU.Build.0 = Debug|Any CPU
		{945EFF59-65EF-422F-AD98-95600C640501}.Release|Any CPU.ActiveCfg = Release|Any CPU
		{945EFF59-65EF-422F-AD98-95600C640501}.Release|Any CPU.Build.0 = Release|Any CPU
	EndGlobalSection
	GlobalSection(SolutionProperties) = preSolution
		HideSolutionNode = FALSE
	EndGlobalSection
	GlobalSection(ExtensibilityGlobals) = postSolution
		SolutionGuid = {24C00F56-4623-482C-8E2F-A34C5861DB3F}
	EndGlobalSection
EndGlobal
