
Microsoft Visual Studio Solution File, Format Version 12.00
# Visual Studio Version 16
VisualStudioVersion = 16.0.810.16
MinimumVisualStudioVersion = 10.0.40219.1
Project("{FAE04EC0-301F-11D3-BF4B-00C04F79EFBC}") = "FibonacciRecursion", "FibonacciRecursion\FibonacciRecursion.csproj", "{B2E4507F-09FB-4096-87BD-5473855120BF}"
EndProject
Global
	GlobalSection(SolutionConfigurationPlatforms) = preSolution
		Debug|Any CPU = Debug|Any CPU
		Release|Any CPU = Release|Any CPU
	EndGlobalSection
	GlobalSection(ProjectConfigurationPlatforms) = postSolution
		{B2E4507F-09FB-4096-87BD-5473855120BF}.Debug|Any CPU.ActiveCfg = Debug|Any CPU
		{B2E4507F-09FB-4096-87BD-5473855120BF}.Debug|Any CPU.Build.0 = Debug|Any CPU
		{B2E4507F-09FB-4096-87BD-5473855120BF}.Release|Any CPU.ActiveCfg = Release|Any CPU
		{B2E4507F-09FB-4096-87BD-5473855120BF}.Release|Any CPU.Build.0 = Release|Any CPU
	EndGlobalSection
	GlobalSection(SolutionProperties) = preSolution
		HideSolutionNode = FALSE
	EndGlobalSection
	GlobalSection(ExtensibilityGlobals) = postSolution
		SolutionGuid = {F7B9F132-5EF6-49D4-A177-9C303E9E4E1F}
	EndGlobalSection
EndGlobal
