
Microsoft Visual Studio Solution File, Format Version 12.00
# Visual Studio Version 16
VisualStudioVersion = 16.0.810.4
MinimumVisualStudioVersion = 10.0.40219.1
Project("{FAE04EC0-301F-11D3-BF4B-00C04F79EFBC}") = "Linq", "Linq\Linq.csproj", "{15CE3B34-1503-4536-AD29-1C5850D6338F}"
EndProject
Global
	GlobalSection(SolutionConfigurationPlatforms) = preSolution
		Debug|Any CPU = Debug|Any CPU
		Release|Any CPU = Release|Any CPU
	EndGlobalSection
	GlobalSection(ProjectConfigurationPlatforms) = postSolution
		{15CE3B34-1503-4536-AD29-1C5850D6338F}.Debug|Any CPU.ActiveCfg = Debug|Any CPU
		{15CE3B34-1503-4536-AD29-1C5850D6338F}.Debug|Any CPU.Build.0 = Debug|Any CPU
		{15CE3B34-1503-4536-AD29-1C5850D6338F}.Release|Any CPU.ActiveCfg = Release|Any CPU
		{15CE3B34-1503-4536-AD29-1C5850D6338F}.Release|Any CPU.Build.0 = Release|Any CPU
	EndGlobalSection
	GlobalSection(SolutionProperties) = preSolution
		HideSolutionNode = FALSE
	EndGlobalSection
	GlobalSection(ExtensibilityGlobals) = postSolution
		SolutionGuid = {3662D5E7-57A5-4B99-9622-E05BF911C829}
	EndGlobalSection
EndGlobal
