
Microsoft Visual Studio Solution File, Format Version 12.00
# Visual Studio Version 16
VisualStudioVersion = 16.0.31205.134
MinimumVisualStudioVersion = 10.0.40219.1
Project("{9A19103F-16F7-4668-BE54-9A1E7A4F7556}") = "LinkedList", "LinkedList\LinkedList.csproj", "{ED599236-022A-4BE1-8283-755F481872D3}"
EndProject
Project("{9A19103F-16F7-4668-BE54-9A1E7A4F7556}") = "CsvPnl", "Pnl\CsvPnl.csproj", "{BCEEF10A-663B-4BC4-9A6D-B76DF0B07EB0}"
EndProject
Project("{FAE04EC0-301F-11D3-BF4B-00C04F79EFBC}") = "PnlTests", "PnlTests\PnlTests.csproj", "{29C3A035-0EC7-4059-A7CC-71B629A96F21}"
EndProject
Global
	GlobalSection(SolutionConfigurationPlatforms) = preSolution
		Debug|Any CPU = Debug|Any CPU
		Release|Any CPU = Release|Any CPU
	EndGlobalSection
	GlobalSection(ProjectConfigurationPlatforms) = postSolution
		{ED599236-022A-4BE1-8283-755F481872D3}.Debug|Any CPU.ActiveCfg = Debug|Any CPU
		{ED599236-022A-4BE1-8283-755F481872D3}.Debug|Any CPU.Build.0 = Debug|Any CPU
		{ED599236-022A-4BE1-8283-755F481872D3}.Release|Any CPU.ActiveCfg = Release|Any CPU
		{ED599236-022A-4BE1-8283-755F481872D3}.Release|Any CPU.Build.0 = Release|Any CPU
		{BCEEF10A-663B-4BC4-9A6D-B76DF0B07EB0}.Debug|Any CPU.ActiveCfg = Debug|Any CPU
		{BCEEF10A-663B-4BC4-9A6D-B76DF0B07EB0}.Debug|Any CPU.Build.0 = Debug|Any CPU
		{BCEEF10A-663B-4BC4-9A6D-B76DF0B07EB0}.Release|Any CPU.ActiveCfg = Release|Any CPU
		{BCEEF10A-663B-4BC4-9A6D-B76DF0B07EB0}.Release|Any CPU.Build.0 = Release|Any CPU
		{29C3A035-0EC7-4059-A7CC-71B629A96F21}.Debug|Any CPU.ActiveCfg = Debug|Any CPU
		{29C3A035-0EC7-4059-A7CC-71B629A96F21}.Debug|Any CPU.Build.0 = Debug|Any CPU
		{29C3A035-0EC7-4059-A7CC-71B629A96F21}.Release|Any CPU.ActiveCfg = Release|Any CPU
		{29C3A035-0EC7-4059-A7CC-71B629A96F21}.Release|Any CPU.Build.0 = Release|Any CPU
	EndGlobalSection
	GlobalSection(SolutionProperties) = preSolution
		HideSolutionNode = FALSE
	EndGlobalSection
	GlobalSection(ExtensibilityGlobals) = postSolution
		SolutionGuid = {CC8C4BE9-D900-4749-8D67-D1A5F9522718}
	EndGlobalSection
EndGlobal
